
Microsoft Visual Studio Solution File, Format Version 12.00
# Visual Studio Version 17
VisualStudioVersion = 17.11.35327.3
MinimumVisualStudioVersion = 10.0.40219.1
Project("{FAE04EC0-301F-11D3-BF4B-00C04F79EFBC}") = "Gimmickalizer", "Gimmickalizer\Gimmickalizer.csproj", "{DEBAECFC-7425-4860-9453-F4012CAAA3AB}"
EndProject
Global
	GlobalSection(SolutionConfigurationPlatforms) = preSolution
		Debug|Any CPU = Debug|Any CPU
		Release|Any CPU = Release|Any CPU
	EndGlobalSection
	GlobalSection(ProjectConfigurationPlatforms) = postSolution
		{DEBAECFC-7425-4860-9453-F4012CAAA3AB}.Debug|Any CPU.ActiveCfg = Debug|Any CPU
		{DEBAECFC-7425-4860-9453-F4012CAAA3AB}.Debug|Any CPU.Build.0 = Debug|Any CPU
		{DEBAECFC-7425-4860-9453-F4012CAAA3AB}.Release|Any CPU.ActiveCfg = Release|Any CPU
		{DEBAECFC-7425-4860-9453-F4012CAAA3AB}.Release|Any CPU.Build.0 = Release|Any CPU
	EndGlobalSection
	GlobalSection(SolutionProperties) = preSolution
		HideSolutionNode = FALSE
	EndGlobalSection
	GlobalSection(ExtensibilityGlobals) = postSolution
		SolutionGuid = {7C9F5AE0-302E-4D9C-8DCB-17EC856DDC2E}
	EndGlobalSection
EndGlobal
